
Microsoft Visual Studio Solution File, Format Version 12.00
# 
Project("{FAE04EC0-301F-11D3-BF4B-00C04F79EFBC}") = "Fundamentals", "Fundamentals\Fundamentals.csproj", "{E5BDE9C3-0E83-4192-9877-D1BDE65AF810}"
EndProject
Project("{FAE04EC0-301F-11D3-BF4B-00C04F79EFBC}") = "Calculator", "Calculator\Calculator.csproj", "{C39CB2B3-25A2-404F-BC86-941D1CBA359A}"
EndProject
Project("{FAE04EC0-301F-11D3-BF4B-00C04F79EFBC}") = "Tests", "Tests\Tests.csproj", "{EA607A49-31DC-42A4-833E-30C699327CF2}"
EndProject
Project("{FAE04EC0-301F-11D3-BF4B-00C04F79EFBC}") = "TodoApp", "TodoApp\TodoApp.csproj", "{DF597095-9A4E-4E89-BECB-4B9F199F4054}"
EndProject
Project("{FAE04EC0-301F-11D3-BF4B-00C04F79EFBC}") = "ObjectOrientedPrograming", "ObjectOrientedPrograming\ObjectOrientedPrograming.csproj", "{A7AE78E7-7164-43DD-9D04-7A0E09DFFF0D}"
EndProject
Project("{FAE04EC0-301F-11D3-BF4B-00C04F79EFBC}") = "DiceGame", "DiceGame\DiceGame.csproj", "{3DBDC6C3-D724-41FA-8798-A1898B3C1D10}"
EndProject
Global
	GlobalSection(SolutionConfigurationPlatforms) = preSolution
		Debug|Any CPU = Debug|Any CPU
		Release|Any CPU = Release|Any CPU
	EndGlobalSection
	GlobalSection(ProjectConfigurationPlatforms) = postSolution
		{E5BDE9C3-0E83-4192-9877-D1BDE65AF810}.Debug|Any CPU.ActiveCfg = Debug|Any CPU
		{E5BDE9C3-0E83-4192-9877-D1BDE65AF810}.Debug|Any CPU.Build.0 = Debug|Any CPU
		{E5BDE9C3-0E83-4192-9877-D1BDE65AF810}.Release|Any CPU.ActiveCfg = Release|Any CPU
		{E5BDE9C3-0E83-4192-9877-D1BDE65AF810}.Release|Any CPU.Build.0 = Release|Any CPU
		{C39CB2B3-25A2-404F-BC86-941D1CBA359A}.Debug|Any CPU.ActiveCfg = Debug|Any CPU
		{C39CB2B3-25A2-404F-BC86-941D1CBA359A}.Debug|Any CPU.Build.0 = Debug|Any CPU
		{C39CB2B3-25A2-404F-BC86-941D1CBA359A}.Release|Any CPU.ActiveCfg = Release|Any CPU
		{C39CB2B3-25A2-404F-BC86-941D1CBA359A}.Release|Any CPU.Build.0 = Release|Any CPU
		{EA607A49-31DC-42A4-833E-30C699327CF2}.Debug|Any CPU.ActiveCfg = Debug|Any CPU
		{EA607A49-31DC-42A4-833E-30C699327CF2}.Debug|Any CPU.Build.0 = Debug|Any CPU
		{EA607A49-31DC-42A4-833E-30C699327CF2}.Release|Any CPU.ActiveCfg = Release|Any CPU
		{EA607A49-31DC-42A4-833E-30C699327CF2}.Release|Any CPU.Build.0 = Release|Any CPU
		{DF597095-9A4E-4E89-BECB-4B9F199F4054}.Debug|Any CPU.ActiveCfg = Debug|Any CPU
		{DF597095-9A4E-4E89-BECB-4B9F199F4054}.Debug|Any CPU.Build.0 = Debug|Any CPU
		{DF597095-9A4E-4E89-BECB-4B9F199F4054}.Release|Any CPU.ActiveCfg = Release|Any CPU
		{DF597095-9A4E-4E89-BECB-4B9F199F4054}.Release|Any CPU.Build.0 = Release|Any CPU
		{A7AE78E7-7164-43DD-9D04-7A0E09DFFF0D}.Debug|Any CPU.ActiveCfg = Debug|Any CPU
		{A7AE78E7-7164-43DD-9D04-7A0E09DFFF0D}.Debug|Any CPU.Build.0 = Debug|Any CPU
		{A7AE78E7-7164-43DD-9D04-7A0E09DFFF0D}.Release|Any CPU.ActiveCfg = Release|Any CPU
		{A7AE78E7-7164-43DD-9D04-7A0E09DFFF0D}.Release|Any CPU.Build.0 = Release|Any CPU
		{3DBDC6C3-D724-41FA-8798-A1898B3C1D10}.Debug|Any CPU.ActiveCfg = Debug|Any CPU
		{3DBDC6C3-D724-41FA-8798-A1898B3C1D10}.Debug|Any CPU.Build.0 = Debug|Any CPU
		{3DBDC6C3-D724-41FA-8798-A1898B3C1D10}.Release|Any CPU.ActiveCfg = Release|Any CPU
		{3DBDC6C3-D724-41FA-8798-A1898B3C1D10}.Release|Any CPU.Build.0 = Release|Any CPU
	EndGlobalSection
EndGlobal
